
Microsoft Visual Studio Solution File, Format Version 12.00
Project("{FAE04EC0-301F-11D3-BF4B-00C04F79EFBC}") = "Mapper.Playground", "Mapper.Playground\Mapper.Playground.csproj", "{9434E652-D8EA-4889-AF2D-30BE49F19C58}"
EndProject
Project("{FAE04EC0-301F-11D3-BF4B-00C04F79EFBC}") = "Mapper", "Mapper\Mapper.csproj", "{7E65DE55-4122-46AC-B74E-55215F56FFCE}"
EndProject
Project("{2150E333-8FDC-42A3-9474-1A3956D46DE8}") = "Playground", "Playground", "{2FC69A83-923A-4D85-84C9-2D4896F3FE4E}"
EndProject
Global
	GlobalSection(SolutionConfigurationPlatforms) = preSolution
		Debug|Any CPU = Debug|Any CPU
		Release|Any CPU = Release|Any CPU
	EndGlobalSection
	GlobalSection(ProjectConfigurationPlatforms) = postSolution
		{9434E652-D8EA-4889-AF2D-30BE49F19C58}.Debug|Any CPU.ActiveCfg = Debug|Any CPU
		{9434E652-D8EA-4889-AF2D-30BE49F19C58}.Debug|Any CPU.Build.0 = Debug|Any CPU
		{9434E652-D8EA-4889-AF2D-30BE49F19C58}.Release|Any CPU.ActiveCfg = Release|Any CPU
		{9434E652-D8EA-4889-AF2D-30BE49F19C58}.Release|Any CPU.Build.0 = Release|Any CPU
		{7E65DE55-4122-46AC-B74E-55215F56FFCE}.Debug|Any CPU.ActiveCfg = Debug|Any CPU
		{7E65DE55-4122-46AC-B74E-55215F56FFCE}.Debug|Any CPU.Build.0 = Debug|Any CPU
		{7E65DE55-4122-46AC-B74E-55215F56FFCE}.Release|Any CPU.ActiveCfg = Release|Any CPU
		{7E65DE55-4122-46AC-B74E-55215F56FFCE}.Release|Any CPU.Build.0 = Release|Any CPU
	EndGlobalSection
	GlobalSection(NestedProjects) = preSolution
		{9434E652-D8EA-4889-AF2D-30BE49F19C58} = {2FC69A83-923A-4D85-84C9-2D4896F3FE4E}
	EndGlobalSection
EndGlobal
